
Microsoft Visual Studio Solution File, Format Version 12.00
# Visual Studio Version 17
VisualStudioVersion = 17.13.35919.96
MinimumVisualStudioVersion = 10.0.40219.1
Project("{FAE04EC0-301F-11D3-BF4B-00C04F79EFBC}") = "Tray WPF", "Tray WPF.csproj", "{843922AD-ED47-40F9-9763-76B01B9A1D6F}"
EndProject
Global
	GlobalSection(SolutionConfigurationPlatforms) = preSolution
		Debug|Any CPU = Debug|Any CPU
		Debug|x86 = Debug|x86
		Release|Any CPU = Release|Any CPU
		Release|x86 = Release|x86
	EndGlobalSection
	GlobalSection(ProjectConfigurationPlatforms) = postSolution
		{843922AD-ED47-40F9-9763-76B01B9A1D6F}.Debug|Any CPU.ActiveCfg = Debug|Any CPU
		{843922AD-ED47-40F9-9763-76B01B9A1D6F}.Debug|Any CPU.Build.0 = Debug|Any CPU
		{843922AD-ED47-40F9-9763-76B01B9A1D6F}.Debug|x86.ActiveCfg = Debug|Any CPU
		{843922AD-ED47-40F9-9763-76B01B9A1D6F}.Debug|x86.Build.0 = Debug|Any CPU
		{843922AD-ED47-40F9-9763-76B01B9A1D6F}.Release|Any CPU.ActiveCfg = Release|Any CPU
		{843922AD-ED47-40F9-9763-76B01B9A1D6F}.Release|Any CPU.Build.0 = Release|Any CPU
		{843922AD-ED47-40F9-9763-76B01B9A1D6F}.Release|x86.ActiveCfg = Release|Any CPU
		{843922AD-ED47-40F9-9763-76B01B9A1D6F}.Release|x86.Build.0 = Release|Any CPU
	EndGlobalSection
	GlobalSection(SolutionProperties) = preSolution
		HideSolutionNode = FALSE
	EndGlobalSection
	GlobalSection(ExtensibilityGlobals) = postSolution
		SolutionGuid = {EFD29BD4-D406-48E1-A4FB-5E2598DB3B85}
	EndGlobalSection
EndGlobal
